{
  "version": "5",
  "specifiers": {
    "npm:zod@4.0.0": "4.0.0"
  },
  "npm": {
    "zod@4.0.0": {
      "integrity": "sha512-9diLdTPc/L7w/5jI4C3gHYNiGHDV9IZYxo1e5LSD8cabi65WVTWWb+g2BGPEpUUCOxR4D+6O5B0AzyMdUAXwrw=="
    }
  },
  "workspace": {
    "dependencies": [
      "npm:zod@4.0.0"
    ]
  }
}
